
Microsoft Visual Studio Solution File, Format Version 11.00
# Visual Studio 2010
Project("{FAE04EC0-301F-11D3-BF4B-00C04F79EFBC}") = "Assembly-CSharp", "Assembly-CSharp.csproj", "{FCC8E0BB-F821-57E5-184D-C6765D617A01}"
EndProject
Project("{FAE04EC0-301F-11D3-BF4B-00C04F79EFBC}") = "Assembly-CSharp-Editor", "Assembly-CSharp-Editor.csproj", "{6F4C4265-73F5-CAD4-D1AD-FFE327B75B42}"
EndProject
Global
	GlobalSection(SolutionConfigurationPlatforms) = preSolution
		Debug|Any CPU = Debug|Any CPU
		Release|Any CPU = Release|Any CPU
	EndGlobalSection
	GlobalSection(ProjectConfigurationPlatforms) = postSolution
		{FCC8E0BB-F821-57E5-184D-C6765D617A01}.Debug|Any CPU.ActiveCfg = Debug|Any CPU
		{FCC8E0BB-F821-57E5-184D-C6765D617A01}.Debug|Any CPU.Build.0 = Debug|Any CPU
		{FCC8E0BB-F821-57E5-184D-C6765D617A01}.Release|Any CPU.ActiveCfg = Release|Any CPU
		{FCC8E0BB-F821-57E5-184D-C6765D617A01}.Release|Any CPU.Build.0 = Release|Any CPU
		{6F4C4265-73F5-CAD4-D1AD-FFE327B75B42}.Debug|Any CPU.ActiveCfg = Debug|Any CPU
		{6F4C4265-73F5-CAD4-D1AD-FFE327B75B42}.Debug|Any CPU.Build.0 = Debug|Any CPU
		{6F4C4265-73F5-CAD4-D1AD-FFE327B75B42}.Release|Any CPU.ActiveCfg = Release|Any CPU
		{6F4C4265-73F5-CAD4-D1AD-FFE327B75B42}.Release|Any CPU.Build.0 = Release|Any CPU
	EndGlobalSection
	GlobalSection(SolutionProperties) = preSolution
		HideSolutionNode = FALSE
	EndGlobalSection
	GlobalSection(MonoDevelopProperties) = preSolution
		StartupItem = Assembly-CSharp.csproj
	EndGlobalSection
EndGlobal
